
Microsoft Visual Studio Solution File, Format Version 12.00
# Visual Studio Version 17
VisualStudioVersion = 17.7.34024.191
MinimumVisualStudioVersion = 10.0.40219.1
Project("{8BC9CEB8-8B4A-11D0-8D11-00A0C91BC942}") = "alshevskaya_lb10", "alshevskaya_lb10\alshevskaya_lb10.vcxproj", "{F059C228-67D8-418E-881B-3BEA5284E17D}"
EndProject
Global
	GlobalSection(SolutionConfigurationPlatforms) = preSolution
		Debug|x64 = Debug|x64
		Debug|x86 = Debug|x86
		Release|x64 = Release|x64
		Release|x86 = Release|x86
	EndGlobalSection
	GlobalSection(ProjectConfigurationPlatforms) = postSolution
		{F059C228-67D8-418E-881B-3BEA5284E17D}.Debug|x64.ActiveCfg = Debug|x64
		{F059C228-67D8-418E-881B-3BEA5284E17D}.Debug|x64.Build.0 = Debug|x64
		{F059C228-67D8-418E-881B-3BEA5284E17D}.Debug|x86.ActiveCfg = Debug|Win32
		{F059C228-67D8-418E-881B-3BEA5284E17D}.Debug|x86.Build.0 = Debug|Win32
		{F059C228-67D8-418E-881B-3BEA5284E17D}.Release|x64.ActiveCfg = Release|x64
		{F059C228-67D8-418E-881B-3BEA5284E17D}.Release|x64.Build.0 = Release|x64
		{F059C228-67D8-418E-881B-3BEA5284E17D}.Release|x86.ActiveCfg = Release|Win32
		{F059C228-67D8-418E-881B-3BEA5284E17D}.Release|x86.Build.0 = Release|Win32
	EndGlobalSection
	GlobalSection(SolutionProperties) = preSolution
		HideSolutionNode = FALSE
	EndGlobalSection
	GlobalSection(ExtensibilityGlobals) = postSolution
		SolutionGuid = {62FB1485-BF8E-4C09-B018-BF65D6AD0D37}
	EndGlobalSection
EndGlobal
