
Microsoft Visual Studio Solution File, Format Version 12.00
# Visual Studio Version 17
VisualStudioVersion = 17.7.34024.191
MinimumVisualStudioVersion = 10.0.40219.1
Project("{8BC9CEB8-8B4A-11D0-8D11-00A0C91BC942}") = "alshevskaya05", "alshevskaya05\alshevskaya05.vcxproj", "{59F3F151-F6F9-4491-811B-1BCD4D470166}"
EndProject
Global
	GlobalSection(SolutionConfigurationPlatforms) = preSolution
		Debug|x64 = Debug|x64
		Debug|x86 = Debug|x86
		Release|x64 = Release|x64
		Release|x86 = Release|x86
	EndGlobalSection
	GlobalSection(ProjectConfigurationPlatforms) = postSolution
		{59F3F151-F6F9-4491-811B-1BCD4D470166}.Debug|x64.ActiveCfg = Debug|x64
		{59F3F151-F6F9-4491-811B-1BCD4D470166}.Debug|x64.Build.0 = Debug|x64
		{59F3F151-F6F9-4491-811B-1BCD4D470166}.Debug|x86.ActiveCfg = Debug|Win32
		{59F3F151-F6F9-4491-811B-1BCD4D470166}.Debug|x86.Build.0 = Debug|Win32
		{59F3F151-F6F9-4491-811B-1BCD4D470166}.Release|x64.ActiveCfg = Release|x64
		{59F3F151-F6F9-4491-811B-1BCD4D470166}.Release|x64.Build.0 = Release|x64
		{59F3F151-F6F9-4491-811B-1BCD4D470166}.Release|x86.ActiveCfg = Release|Win32
		{59F3F151-F6F9-4491-811B-1BCD4D470166}.Release|x86.Build.0 = Release|Win32
	EndGlobalSection
	GlobalSection(SolutionProperties) = preSolution
		HideSolutionNode = FALSE
	EndGlobalSection
	GlobalSection(ExtensibilityGlobals) = postSolution
		SolutionGuid = {490C3A58-D1C8-45DD-8F9C-DA2337081B0D}
	EndGlobalSection
EndGlobal
